{
  "originHash" : "b8727b2b619fa0580bfbe47f14dc8dfe1c409bcd3ef3ccc93717f55974758d67",
  "pins" : [
    {
      "identity" : "bubilator88core",
      "kind" : "remoteSourceControl",
      "location" : "https://github.com/bubio/Bubilator88Core.git",
      "state" : {
        "revision" : "0a75284882f4df0578f68e2ef5fc491dae1c565a",
        "version" : "1.2.1"
      }
    },
    {
      "identity" : "swift-log",
      "kind" : "remoteSourceControl",
      "location" : "https://github.com/apple/swift-log.git",
      "state" : {
        "revision" : "3ffafb9722d5d918c614feb496c8789a3b59d222",
        "version" : "1.15.0"
      }
    }
  ],
  "version" : 3
}
