{
  "originHash" : "0b9cd1c401040d428b3e100f8703a70b74e34c65eddb31d42e35ea8de1b52a8e",
  "pins" : [
    {
      "identity" : "bubilator88core",
      "kind" : "remoteSourceControl",
      "location" : "https://github.com/bubio/Bubilator88Core.git",
      "state" : {
        "revision" : "f72758e570b14a3006698ef16b8f7110032e5271"
      }
    },
    {
      "identity" : "swift-log",
      "kind" : "remoteSourceControl",
      "location" : "https://github.com/apple/swift-log.git",
      "state" : {
        "revision" : "3ffafb9722d5d918c614feb496c8789a3b59d222",
        "version" : "1.15.0"
      }
    }
  ],
  "version" : 3
}
